{
  "name": "trpc-prisma-tutorial",
  "lockfileVersion": 2,
  "requires": true,
  "packages": {
    "": {
      "dependencies": {
        "pnpm": "^7.25.1"
      }
    },
    "node_modules/pnpm": {
      "version": "7.25.1",
      "resolved": "https://registry.npmjs.org/pnpm/-/pnpm-7.25.1.tgz",
      "integrity": "sha512-y/jlADVxyk+scBwI0ALRf8QoUMgrWyONnD1voZaPTBI+D+aIXXiFG9pMk3eLhvEfc0nK8KUnnbDDBTywd7WsMw==",
      "bin": {
        "pnpm": "bin/pnpm.cjs",
        "pnpx": "bin/pnpx.cjs"
      },
      "engines": {
        "node": ">=14.6"
      },
      "funding": {
        "url": "https://opencollective.com/pnpm"
      }
    }
  },
  "dependencies": {
    "pnpm": {
      "version": "7.25.1",
      "resolved": "https://registry.npmjs.org/pnpm/-/pnpm-7.25.1.tgz",
      "integrity": "sha512-y/jlADVxyk+scBwI0ALRf8QoUMgrWyONnD1voZaPTBI+D+aIXXiFG9pMk3eLhvEfc0nK8KUnnbDDBTywd7WsMw=="
    }
  }
}
